
Microsoft Visual Studio Solution File, Format Version 12.00
# Visual Studio Version 16
VisualStudioVersion = 16.0.30114.105
MinimumVisualStudioVersion = 10.0.40219.1
Project("{888888A0-9F3D-457C-B088-3A5042F75D52}") = "DjangoBICAP", "DjangoBICAP\DjangoBICAP.pyproj", "{D25928C5-4034-413A-A3C1-F562BF9C1845}"
EndProject
Global
	GlobalSection(SolutionConfigurationPlatforms) = preSolution
		Debug|Any CPU = Debug|Any CPU
		Release|Any CPU = Release|Any CPU
	EndGlobalSection
	GlobalSection(ProjectConfigurationPlatforms) = postSolution
		{D25928C5-4034-413A-A3C1-F562BF9C1845}.Debug|Any CPU.ActiveCfg = Debug|Any CPU
		{D25928C5-4034-413A-A3C1-F562BF9C1845}.Debug|Any CPU.Build.0 = Debug|Any CPU
		{D25928C5-4034-413A-A3C1-F562BF9C1845}.Release|Any CPU.ActiveCfg = Release|Any CPU
		{D25928C5-4034-413A-A3C1-F562BF9C1845}.Release|Any CPU.Build.0 = Release|Any CPU
	EndGlobalSection
	GlobalSection(SolutionProperties) = preSolution
		HideSolutionNode = FALSE
	EndGlobalSection
	GlobalSection(ExtensibilityGlobals) = postSolution
		SolutionGuid = {AB0AF71F-7D4E-4607-B964-66D4CFE24210}
	EndGlobalSection
EndGlobal
